{
  "nodes": {
    "nixpkgs": {
      "locked": {
        "lastModified": 1636623366,
        "narHash": "sha256-jOQMlv9qFSj0U66HB+ujZoapty0UbewmSNbX8+3ujUQ=",
        "owner": "NixOS",
        "repo": "nixpkgs",
        "rev": "c5ed8beb478a8ca035f033f659b60c89500a3034",
        "type": "github"
      },
      "original": {
        "owner": "NixOS",
        "ref": "nixos-unstable",
        "repo": "nixpkgs",
        "type": "github"
      }
    },
    "root": {
      "inputs": {
        "nixpkgs": "nixpkgs",
        "utils": "utils"
      }
    },
    "utils": {
      "locked": {
        "lastModified": 1634851050,
        "narHash": "sha256-N83GlSGPJJdcqhUxSCS/WwW5pksYf3VP1M13cDRTSVA=",
        "owner": "numtide",
        "repo": "flake-utils",
        "rev": "c91f3de5adaf1de973b797ef7485e441a65b8935",
        "type": "github"
      },
      "original": {
        "owner": "numtide",
        "repo": "flake-utils",
        "type": "github"
      }
    }
  },
  "root": "root",
  "version": 7
}
